
Microsoft Visual Studio Solution File, Format Version 12.00
# Visual Studio Version 17
VisualStudioVersion = 17.0.31903.59
MinimumVisualStudioVersion = 10.0.40219.1
Project("{2150E333-8FDC-42A3-9474-1A3956D46DE8}") = "learning-app-new", "learning-app-new", "{08D1E96E-713D-42E3-AD66-6C1CFD009F95}"
EndProject
Project("{FAE04EC0-301F-11D3-BF4B-00C04F79EFBC}") = "learningapp", "learningapp\learningapp.csproj", "{C98B17C3-BC67-41FC-AE30-2C47DBA04A7B}"
EndProject
Global
	GlobalSection(SolutionConfigurationPlatforms) = preSolution
		Debug|Any CPU = Debug|Any CPU
		Release|Any CPU = Release|Any CPU
	EndGlobalSection
	GlobalSection(SolutionProperties) = preSolution
		HideSolutionNode = FALSE
	EndGlobalSection
	GlobalSection(ProjectConfigurationPlatforms) = postSolution
		{C98B17C3-BC67-41FC-AE30-2C47DBA04A7B}.Debug|Any CPU.ActiveCfg = Debug|Any CPU
		{C98B17C3-BC67-41FC-AE30-2C47DBA04A7B}.Debug|Any CPU.Build.0 = Debug|Any CPU
		{C98B17C3-BC67-41FC-AE30-2C47DBA04A7B}.Release|Any CPU.ActiveCfg = Release|Any CPU
		{C98B17C3-BC67-41FC-AE30-2C47DBA04A7B}.Release|Any CPU.Build.0 = Release|Any CPU
	EndGlobalSection
	GlobalSection(NestedProjects) = preSolution
		{C98B17C3-BC67-41FC-AE30-2C47DBA04A7B} = {08D1E96E-713D-42E3-AD66-6C1CFD009F95}
	EndGlobalSection
EndGlobal
